
Microsoft Visual Studio Solution File, Format Version 12.00
# Visual Studio Version 17
VisualStudioVersion = 17.7.34031.279
MinimumVisualStudioVersion = 10.0.40219.1
Project("{FAE04EC0-301F-11D3-BF4B-00C04F79EFBC}") = "Race", "Race.csproj", "{B4FF9E70-A3EE-4F7C-B39D-381DA97D3749}"
EndProject
Global
	GlobalSection(SolutionConfigurationPlatforms) = preSolution
		Debug|Any CPU = Debug|Any CPU
		Release|Any CPU = Release|Any CPU
	EndGlobalSection
	GlobalSection(ProjectConfigurationPlatforms) = postSolution
		{B4FF9E70-A3EE-4F7C-B39D-381DA97D3749}.Debug|Any CPU.ActiveCfg = Debug|Any CPU
		{B4FF9E70-A3EE-4F7C-B39D-381DA97D3749}.Debug|Any CPU.Build.0 = Debug|Any CPU
		{B4FF9E70-A3EE-4F7C-B39D-381DA97D3749}.Release|Any CPU.ActiveCfg = Release|Any CPU
		{B4FF9E70-A3EE-4F7C-B39D-381DA97D3749}.Release|Any CPU.Build.0 = Release|Any CPU
	EndGlobalSection
	GlobalSection(SolutionProperties) = preSolution
		HideSolutionNode = FALSE
	EndGlobalSection
	GlobalSection(ExtensibilityGlobals) = postSolution
		SolutionGuid = {7AEED1BD-4490-4DE6-9CCC-A2E70BBF08E2}
	EndGlobalSection
EndGlobal
