
Microsoft Visual Studio Solution File, Format Version 12.00
# Visual Studio Version 17
VisualStudioVersion = 17.7.34031.279
MinimumVisualStudioVersion = 10.0.40219.1
Project("{9A19103F-16F7-4668-BE54-9A1E7A4F7556}") = "ArrayRotation", "ArrayRotation.csproj", "{AD7F4458-FDED-40C2-969E-3EEC58183E54}"
EndProject
Global
	GlobalSection(SolutionConfigurationPlatforms) = preSolution
		Debug|Any CPU = Debug|Any CPU
		Release|Any CPU = Release|Any CPU
	EndGlobalSection
	GlobalSection(ProjectConfigurationPlatforms) = postSolution
		{AD7F4458-FDED-40C2-969E-3EEC58183E54}.Debug|Any CPU.ActiveCfg = Debug|Any CPU
		{AD7F4458-FDED-40C2-969E-3EEC58183E54}.Debug|Any CPU.Build.0 = Debug|Any CPU
		{AD7F4458-FDED-40C2-969E-3EEC58183E54}.Release|Any CPU.ActiveCfg = Release|Any CPU
		{AD7F4458-FDED-40C2-969E-3EEC58183E54}.Release|Any CPU.Build.0 = Release|Any CPU
	EndGlobalSection
	GlobalSection(SolutionProperties) = preSolution
		HideSolutionNode = FALSE
	EndGlobalSection
	GlobalSection(ExtensibilityGlobals) = postSolution
		SolutionGuid = {1D30DEFA-6DB6-417C-8802-15C9CA1AF576}
	EndGlobalSection
EndGlobal
