
Microsoft Visual Studio Solution File, Format Version 12.00
# Visual Studio Version 17
VisualStudioVersion = 17.7.34031.279
MinimumVisualStudioVersion = 10.0.40219.1
Project("{FAE04EC0-301F-11D3-BF4B-00C04F79EFBC}") = "Articles", "Articles.csproj", "{F479DBD3-501C-405D-B84A-32FB964BB0F6}"
EndProject
Global
	GlobalSection(SolutionConfigurationPlatforms) = preSolution
		Debug|Any CPU = Debug|Any CPU
		Release|Any CPU = Release|Any CPU
	EndGlobalSection
	GlobalSection(ProjectConfigurationPlatforms) = postSolution
		{F479DBD3-501C-405D-B84A-32FB964BB0F6}.Debug|Any CPU.ActiveCfg = Debug|Any CPU
		{F479DBD3-501C-405D-B84A-32FB964BB0F6}.Debug|Any CPU.Build.0 = Debug|Any CPU
		{F479DBD3-501C-405D-B84A-32FB964BB0F6}.Release|Any CPU.ActiveCfg = Release|Any CPU
		{F479DBD3-501C-405D-B84A-32FB964BB0F6}.Release|Any CPU.Build.0 = Release|Any CPU
	EndGlobalSection
	GlobalSection(SolutionProperties) = preSolution
		HideSolutionNode = FALSE
	EndGlobalSection
	GlobalSection(ExtensibilityGlobals) = postSolution
		SolutionGuid = {590CA430-3C29-42E9-95A0-F1935063034C}
	EndGlobalSection
EndGlobal
