
Microsoft Visual Studio Solution File, Format Version 12.00
# Visual Studio Version 17
VisualStudioVersion = 17.7.34031.279
MinimumVisualStudioVersion = 10.0.40219.1
Project("{9A19103F-16F7-4668-BE54-9A1E7A4F7556}") = "SumDigits", "SumDigits.csproj", "{00603AD2-C952-47B2-80ED-BC1E297056E9}"
EndProject
Global
	GlobalSection(SolutionConfigurationPlatforms) = preSolution
		Debug|Any CPU = Debug|Any CPU
		Release|Any CPU = Release|Any CPU
	EndGlobalSection
	GlobalSection(ProjectConfigurationPlatforms) = postSolution
		{00603AD2-C952-47B2-80ED-BC1E297056E9}.Debug|Any CPU.ActiveCfg = Debug|Any CPU
		{00603AD2-C952-47B2-80ED-BC1E297056E9}.Debug|Any CPU.Build.0 = Debug|Any CPU
		{00603AD2-C952-47B2-80ED-BC1E297056E9}.Release|Any CPU.ActiveCfg = Release|Any CPU
		{00603AD2-C952-47B2-80ED-BC1E297056E9}.Release|Any CPU.Build.0 = Release|Any CPU
	EndGlobalSection
	GlobalSection(SolutionProperties) = preSolution
		HideSolutionNode = FALSE
	EndGlobalSection
	GlobalSection(ExtensibilityGlobals) = postSolution
		SolutionGuid = {EEC78EA4-68B0-4511-B6B9-5C1C28BF460E}
	EndGlobalSection
EndGlobal
