
Microsoft Visual Studio Solution File, Format Version 12.00
# Visual Studio Version 17
VisualStudioVersion = 17.7.34031.279
MinimumVisualStudioVersion = 10.0.40219.1
Project("{FAE04EC0-301F-11D3-BF4B-00C04F79EFBC}") = "ExtractEmails", "ExtractEmails.csproj", "{852FFC91-C149-47E4-841C-4DDB0BA664DF}"
EndProject
Global
	GlobalSection(SolutionConfigurationPlatforms) = preSolution
		Debug|Any CPU = Debug|Any CPU
		Release|Any CPU = Release|Any CPU
	EndGlobalSection
	GlobalSection(ProjectConfigurationPlatforms) = postSolution
		{852FFC91-C149-47E4-841C-4DDB0BA664DF}.Debug|Any CPU.ActiveCfg = Debug|Any CPU
		{852FFC91-C149-47E4-841C-4DDB0BA664DF}.Debug|Any CPU.Build.0 = Debug|Any CPU
		{852FFC91-C149-47E4-841C-4DDB0BA664DF}.Release|Any CPU.ActiveCfg = Release|Any CPU
		{852FFC91-C149-47E4-841C-4DDB0BA664DF}.Release|Any CPU.Build.0 = Release|Any CPU
	EndGlobalSection
	GlobalSection(SolutionProperties) = preSolution
		HideSolutionNode = FALSE
	EndGlobalSection
	GlobalSection(ExtensibilityGlobals) = postSolution
		SolutionGuid = {5761952D-C93B-4FF3-8D7B-5AFC713DBE6A}
	EndGlobalSection
EndGlobal
