
Microsoft Visual Studio Solution File, Format Version 12.00
# Visual Studio Version 17
VisualStudioVersion = 17.7.34031.279
MinimumVisualStudioVersion = 10.0.40219.1
Project("{FAE04EC0-301F-11D3-BF4B-00C04F79EFBC}") = "Vending", "Vending.csproj", "{80DD9503-2145-4FD5-B0BD-505A8420638D}"
EndProject
Global
	GlobalSection(SolutionConfigurationPlatforms) = preSolution
		Debug|Any CPU = Debug|Any CPU
		Release|Any CPU = Release|Any CPU
	EndGlobalSection
	GlobalSection(ProjectConfigurationPlatforms) = postSolution
		{80DD9503-2145-4FD5-B0BD-505A8420638D}.Debug|Any CPU.ActiveCfg = Debug|Any CPU
		{80DD9503-2145-4FD5-B0BD-505A8420638D}.Debug|Any CPU.Build.0 = Debug|Any CPU
		{80DD9503-2145-4FD5-B0BD-505A8420638D}.Release|Any CPU.ActiveCfg = Release|Any CPU
		{80DD9503-2145-4FD5-B0BD-505A8420638D}.Release|Any CPU.Build.0 = Release|Any CPU
	EndGlobalSection
	GlobalSection(SolutionProperties) = preSolution
		HideSolutionNode = FALSE
	EndGlobalSection
	GlobalSection(ExtensibilityGlobals) = postSolution
		SolutionGuid = {C5A8CD70-9EB4-417A-B6FA-6B0F87721D08}
	EndGlobalSection
EndGlobal
