
Microsoft Visual Studio Solution File, Format Version 12.00
# Visual Studio Version 17
VisualStudioVersion = 17.7.34031.279
MinimumVisualStudioVersion = 10.0.40219.1
Project("{FAE04EC0-301F-11D3-BF4B-00C04F79EFBC}") = "StrongNumber", "StrongNumber.csproj", "{7F0EBD5F-6612-478C-9842-60F107E6C737}"
EndProject
Global
	GlobalSection(SolutionConfigurationPlatforms) = preSolution
		Debug|Any CPU = Debug|Any CPU
		Release|Any CPU = Release|Any CPU
	EndGlobalSection
	GlobalSection(ProjectConfigurationPlatforms) = postSolution
		{7F0EBD5F-6612-478C-9842-60F107E6C737}.Debug|Any CPU.ActiveCfg = Debug|Any CPU
		{7F0EBD5F-6612-478C-9842-60F107E6C737}.Debug|Any CPU.Build.0 = Debug|Any CPU
		{7F0EBD5F-6612-478C-9842-60F107E6C737}.Release|Any CPU.ActiveCfg = Release|Any CPU
		{7F0EBD5F-6612-478C-9842-60F107E6C737}.Release|Any CPU.Build.0 = Release|Any CPU
	EndGlobalSection
	GlobalSection(SolutionProperties) = preSolution
		HideSolutionNode = FALSE
	EndGlobalSection
	GlobalSection(ExtensibilityGlobals) = postSolution
		SolutionGuid = {673E8EBE-8F8E-4069-A55D-667C1DF0A51A}
	EndGlobalSection
EndGlobal
